
Microsoft Visual Studio Solution File, Format Version 12.00
# Visual Studio Version 17
VisualStudioVersion = 17.13.35806.99 d17.13
MinimumVisualStudioVersion = 10.0.40219.1
Project("{FAE04EC0-301F-11D3-BF4B-00C04F79EFBC}") = "ifelseOdevOcak3", "ifelseOdevOcak3\ifelseOdevOcak3.csproj", "{05608836-ED2A-4489-BA96-2F0F59C3BA4E}"
EndProject
Global
	GlobalSection(SolutionConfigurationPlatforms) = preSolution
		Debug|Any CPU = Debug|Any CPU
		Release|Any CPU = Release|Any CPU
	EndGlobalSection
	GlobalSection(ProjectConfigurationPlatforms) = postSolution
		{05608836-ED2A-4489-BA96-2F0F59C3BA4E}.Debug|Any CPU.ActiveCfg = Debug|Any CPU
		{05608836-ED2A-4489-BA96-2F0F59C3BA4E}.Debug|Any CPU.Build.0 = Debug|Any CPU
		{05608836-ED2A-4489-BA96-2F0F59C3BA4E}.Release|Any CPU.ActiveCfg = Release|Any CPU
		{05608836-ED2A-4489-BA96-2F0F59C3BA4E}.Release|Any CPU.Build.0 = Release|Any CPU
	EndGlobalSection
	GlobalSection(SolutionProperties) = preSolution
		HideSolutionNode = FALSE
	EndGlobalSection
	GlobalSection(ExtensibilityGlobals) = postSolution
		SolutionGuid = {C4E80915-163F-4FB5-8C49-EF6E4B515D7A}
	EndGlobalSection
EndGlobal
